Microsoft Visual Studio Solution File, Format Version 12.00
# Visual Studio Version 16
VisualStudioVersion = 16.0.28803.202
MinimumVisualStudioVersion = 10.0.40219.1
Project("{FAE04EC0-301F-11D3-BF4B-00C04F79EFBC}") = "Hero Designer", "Hero Designer\Hero Designer.csproj", "{27BD82DA-4B3E-4D6B-BAEA-BE59A28A96EB}"
EndProject
Project("{FAE04EC0-301F-11D3-BF4B-00C04F79EFBC}") = "Base", "Base\Base.csproj", "{78125AD1-C9F8-4FE9-9BDB-5033D5FA76CC}"
EndProject
Project("{2150E333-8FDC-42A3-9474-1A3956D46DE8}") = "Solution Items", "Solution Items", "{1B74A58C-28FC-49DC-800B-32DDFC69AAE1}"
	ProjectSection(SolutionItems) = preProject
		Clean.fsx = Clean.fsx
		CleanInitialize.fsx = CleanInitialize.fsx
		CreateDesigner.fsx = CreateDesigner.fsx
		DesignerVarClean.fsx = DesignerVarClean.fsx
		LICENSE.txt = LICENSE.txt
		Reusable.fsx = Reusable.fsx
	EndProjectSection
EndProject
Project("{FAE04EC0-301F-11D3-BF4B-00C04F79EFBC}") = "midsControls", "midsControls\midsControls.csproj", "{8B762616-CA1E-428A-A62D-E17DD738712D}"
EndProject
Project("{F2A71F9B-5D33-465A-A702-920D77279786}") = "HeroDesigner.Installer", "HeroDesigner.Installer\HeroDesigner.Installer.fsproj", "{C2DE9468-6937-4B3C-A6F0-E0952A097534}"
EndProject
Project("{6EC3EE1D-3C4E-46DD-8F32-0CC8E7565705}") = "HeroDesigner.Schema", "HeroDesigner.Schema\HeroDesigner.Schema.fsproj", "{7B1C2FFF-0399-4A7A-82EF-126660356121}"
EndProject
Global
	GlobalSection(SolutionConfigurationPlatforms) = preSolution
		Debug|Any CPU = Debug|Any CPU
		Release|Any CPU = Release|Any CPU
	EndGlobalSection
	GlobalSection(ProjectConfigurationPlatforms) = postSolution
		{27BD82DA-4B3E-4D6B-BAEA-BE59A28A96EB}.Debug|Any CPU.ActiveCfg = Debug|Any CPU
		{27BD82DA-4B3E-4D6B-BAEA-BE59A28A96EB}.Debug|Any CPU.Build.0 = Debug|Any CPU
		{27BD82DA-4B3E-4D6B-BAEA-BE59A28A96EB}.Release|Any CPU.ActiveCfg = Release|Any CPU
		{27BD82DA-4B3E-4D6B-BAEA-BE59A28A96EB}.Release|Any CPU.Build.0 = Release|Any CPU
		{78125AD1-C9F8-4FE9-9BDB-5033D5FA76CC}.Debug|Any CPU.ActiveCfg = Debug|Any CPU
		{78125AD1-C9F8-4FE9-9BDB-5033D5FA76CC}.Debug|Any CPU.Build.0 = Debug|Any CPU
		{78125AD1-C9F8-4FE9-9BDB-5033D5FA76CC}.Release|Any CPU.ActiveCfg = Release|Any CPU
		{78125AD1-C9F8-4FE9-9BDB-5033D5FA76CC}.Release|Any CPU.Build.0 = Release|Any CPU
		{8B762616-CA1E-428A-A62D-E17DD738712D}.Debug|Any CPU.ActiveCfg = Debug|Any CPU
		{8B762616-CA1E-428A-A62D-E17DD738712D}.Debug|Any CPU.Build.0 = Debug|Any CPU
		{8B762616-CA1E-428A-A62D-E17DD738712D}.Release|Any CPU.ActiveCfg = Release|Any CPU
		{8B762616-CA1E-428A-A62D-E17DD738712D}.Release|Any CPU.Build.0 = Release|Any CPU
		{C2DE9468-6937-4B3C-A6F0-E0952A097534}.Debug|Any CPU.ActiveCfg = Debug|Any CPU
		{C2DE9468-6937-4B3C-A6F0-E0952A097534}.Debug|Any CPU.Build.0 = Debug|Any CPU
		{C2DE9468-6937-4B3C-A6F0-E0952A097534}.Release|Any CPU.ActiveCfg = Release|Any CPU
		{C2DE9468-6937-4B3C-A6F0-E0952A097534}.Release|Any CPU.Build.0 = Release|Any CPU
		{7B1C2FFF-0399-4A7A-82EF-126660356121}.Debug|Any CPU.ActiveCfg = Debug|Any CPU
		{7B1C2FFF-0399-4A7A-82EF-126660356121}.Debug|Any CPU.Build.0 = Debug|Any CPU
		{7B1C2FFF-0399-4A7A-82EF-126660356121}.Release|Any CPU.ActiveCfg = Release|Any CPU
		{7B1C2FFF-0399-4A7A-82EF-126660356121}.Release|Any CPU.Build.0 = Release|Any CPU
	EndGlobalSection
	GlobalSection(SolutionProperties) = preSolution
		HideSolutionNode = FALSE
	EndGlobalSection
	GlobalSection(ExtensibilityGlobals) = postSolution
		SolutionGuid = {2E69499F-C81A-4A1F-A991-6E30D7EAF7A3}
	EndGlobalSection
EndGlobal
