Microsoft Visual Studio Solution File, Format Version 12.00
# Visual Studio Version 16
VisualStudioVersion = 16.0.28803.202
MinimumVisualStudioVersion = 10.0.40219.1
Project("{FAE04EC0-301F-11D3-BF4B-00C04F79EFBC}") = "Hero Designer", "Hero Designer\Hero Designer.csproj", "{27BD82DA-4B3E-4D6B-BAEA-BE59A28A96EB}"
EndProject
Project("{FAE04EC0-301F-11D3-BF4B-00C04F79EFBC}") = "Base", "Base\Base.csproj", "{78125AD1-C9F8-4FE9-9BDB-5033D5FA76CC}"
EndProject
Global
	GlobalSection(SolutionConfigurationPlatforms) = preSolution
		Debug|Any CPU = Debug|Any CPU
		Release|Any CPU = Release|Any CPU
	EndGlobalSection
	GlobalSection(ProjectConfigurationPlatforms) = postSolution
		{27BD82DA-4B3E-4D6B-BAEA-BE59A28A96EB}.Debug|Any CPU.ActiveCfg = Debug|Any CPU
		{27BD82DA-4B3E-4D6B-BAEA-BE59A28A96EB}.Debug|Any CPU.Build.0 = Debug|Any CPU
		{27BD82DA-4B3E-4D6B-BAEA-BE59A28A96EB}.Release|Any CPU.ActiveCfg = Release|Any CPU
		{27BD82DA-4B3E-4D6B-BAEA-BE59A28A96EB}.Release|Any CPU.Build.0 = Release|Any CPU
		{78125AD1-C9F8-4FE9-9BDB-5033D5FA76CC}.Debug|Any CPU.ActiveCfg = Debug|Any CPU
		{78125AD1-C9F8-4FE9-9BDB-5033D5FA76CC}.Debug|Any CPU.Build.0 = Debug|Any CPU
		{78125AD1-C9F8-4FE9-9BDB-5033D5FA76CC}.Release|Any CPU.ActiveCfg = Release|Any CPU
		{78125AD1-C9F8-4FE9-9BDB-5033D5FA76CC}.Release|Any CPU.Build.0 = Release|Any CPU
	EndGlobalSection
	GlobalSection(SolutionProperties) = preSolution
		HideSolutionNode = FALSE
	EndGlobalSection
	GlobalSection(ExtensibilityGlobals) = postSolution
		SolutionGuid = {2E69499F-C81A-4A1F-A991-6E30D7EAF7A3}
	EndGlobalSection
EndGlobal
