Microsoft Visual Studio Solution File, Format Version 12.00
# Visual Studio Version 16
VisualStudioVersion = 16.0.28803.202
MinimumVisualStudioVersion = 10.0.40219.1
Project("{FAE04EC0-301F-11D3-BF4B-00C04F79EFBC}") = "ICSharpCode.SharpZipLib", "ICSharpCode.SharpZipLib.csproj", "{F85D0DE7-F41F-45DB-A952-ED4031E0A8B5}"
EndProject
Global
	GlobalSection(SolutionConfigurationPlatforms) = preSolution
		Debug|Any CPU = Debug|Any CPU
		Release|Any CPU = Release|Any CPU
	EndGlobalSection
	GlobalSection(ProjectConfigurationPlatforms) = postSolution
		{F85D0DE7-F41F-45DB-A952-ED4031E0A8B5}.Debug|Any CPU.ActiveCfg = Debug|Any CPU
		{F85D0DE7-F41F-45DB-A952-ED4031E0A8B5}.Debug|Any CPU.Build.0 = Debug|Any CPU
		{F85D0DE7-F41F-45DB-A952-ED4031E0A8B5}.Release|Any CPU.ActiveCfg = Release|Any CPU
		{F85D0DE7-F41F-45DB-A952-ED4031E0A8B5}.Release|Any CPU.Build.0 = Release|Any CPU
	EndGlobalSection
	GlobalSection(SolutionProperties) = preSolution
		HideSolutionNode = FALSE
	EndGlobalSection
	GlobalSection(ExtensibilityGlobals) = postSolution
		SolutionGuid = {9B1F3D43-D29A-44E8-B6FC-9277284FE4DF}
	EndGlobalSection
EndGlobal
